// !$*UTF8*$!
{
	archiveVersion = 1;
	classes = {
	};
	objectVersion = 56;
	objects = {

/* Begin PBXBuildFile section */
		A20A230D28FEA7CB00A2AB47 /* CatagoryHome.swift in Sources */ = {isa = PBXBuildFile; fileRef = A20A230C28FEA7CB00A2AB47 /* CatagoryHome.swift */; };
		A20A230F28FEA9E600A2AB47 /* CategoryRow.swift in Sources */ = {isa = PBXBuildFile; fileRef = A20A230E28FEA9E600A2AB47 /* CategoryRow.swift */; };
		A20A231128FEABA500A2AB47 /* CategoryItem.swift in Sources */ = {isa = PBXBuildFile; fileRef = A20A231028FEABA500A2AB47 /* CategoryItem.swift */; };
		A20A231328FEB99C00A2AB47 /* Profile.swift in Sources */ = {isa = PBXBuildFile; fileRef = A20A231228FEB99C00A2AB47 /* Profile.swift */; };
		A20A231628FEBA1700A2AB47 /* ProfileHost.swift in Sources */ = {isa = PBXBuildFile; fileRef = A20A231528FEBA1700A2AB47 /* ProfileHost.swift */; };
		A20A231828FEBA6900A2AB47 /* ProfileSummary.swift in Sources */ = {isa = PBXBuildFile; fileRef = A20A231728FEBA6900A2AB47 /* ProfileSummary.swift */; };
		A20A231A28FEBC0000A2AB47 /* HikeBadge.swift in Sources */ = {isa = PBXBuildFile; fileRef = A20A231928FEBC0000A2AB47 /* HikeBadge.swift */; };
		A20A231C28FEC22A00A2AB47 /* ProfileEditor.swift in Sources */ = {isa = PBXBuildFile; fileRef = A20A231B28FEC22A00A2AB47 /* ProfileEditor.swift */; };
		A245D36528F9823E00797157 /* GraphCapsule.swift in Sources */ = {isa = PBXBuildFile; fileRef = A245D36128F9823E00797157 /* GraphCapsule.swift */; };
		A245D36628F9823E00797157 /* HikeGraph.swift in Sources */ = {isa = PBXBuildFile; fileRef = A245D36228F9823E00797157 /* HikeGraph.swift */; };
		A245D36728F9823E00797157 /* HikeDetail.swift in Sources */ = {isa = PBXBuildFile; fileRef = A245D36328F9823E00797157 /* HikeDetail.swift */; };
		A245D36828F9823E00797157 /* HikeView.swift in Sources */ = {isa = PBXBuildFile; fileRef = A245D36428F9823E00797157 /* HikeView.swift */; };
		A245D36A28F982A900797157 /* Hike.swift in Sources */ = {isa = PBXBuildFile; fileRef = A245D36928F982A900797157 /* Hike.swift */; };
		A255B93C28F455CD00845FAD /* LandmarksApp.swift in Sources */ = {isa = PBXBuildFile; fileRef = A255B93B28F455CD00845FAD /* LandmarksApp.swift */; };
		A255B94328F455CD00845FAD /* Preview Assets.xcassets in Resources */ = {isa = PBXBuildFile; fileRef = A255B94228F455CD00845FAD /* Preview Assets.xcassets */; };
		A255B94C28F456C800845FAD /* Assets.xcassets in Resources */ = {isa = PBXBuildFile; fileRef = A255B94B28F456C800845FAD /* Assets.xcassets */; };
		A255B95028F456EC00845FAD /* hikeData.json in Resources */ = {isa = PBXBuildFile; fileRef = A255B94E28F456EC00845FAD /* hikeData.json */; };
		A255B95128F456EC00845FAD /* landmarkData.json in Resources */ = {isa = PBXBuildFile; fileRef = A255B94F28F456EC00845FAD /* landmarkData.json */; };
		A255B95328F4573E00845FAD /* Landmark.swift in Sources */ = {isa = PBXBuildFile; fileRef = A255B95228F4573E00845FAD /* Landmark.swift */; };
		A255B95728F4575600845FAD /* ContentView.swift in Sources */ = {isa = PBXBuildFile; fileRef = A255B95428F4575600845FAD /* ContentView.swift */; };
		A255B95828F4575600845FAD /* CircleImage.swift in Sources */ = {isa = PBXBuildFile; fileRef = A255B95528F4575600845FAD /* CircleImage.swift */; };
		A255B95928F4575600845FAD /* MapView.swift in Sources */ = {isa = PBXBuildFile; fileRef = A255B95628F4575600845FAD /* MapView.swift */; };
		A2B58E8D28F53A3D00ED7C09 /* ModelData.swift in Sources */ = {isa = PBXBuildFile; fileRef = A2B58E8C28F53A3D00ED7C09 /* ModelData.swift */; };
		A2B58E8F28F53AAF00ED7C09 /* LandmarkRow.swift in Sources */ = {isa = PBXBuildFile; fileRef = A2B58E8E28F53AAF00ED7C09 /* LandmarkRow.swift */; };
		A2B58E9128F53C6B00ED7C09 /* LandmarkList.swift in Sources */ = {isa = PBXBuildFile; fileRef = A2B58E9028F53C6B00ED7C09 /* LandmarkList.swift */; };
		A2B58E9328F53E6F00ED7C09 /* LandmarkDetail.swift in Sources */ = {isa = PBXBuildFile; fileRef = A2B58E9228F53E6F00ED7C09 /* LandmarkDetail.swift */; };
		A2D68C9D28F54C8B00E0E443 /* FavoriteButton.swift in Sources */ = {isa = PBXBuildFile; fileRef = A2D68C9C28F54C8B00E0E443 /* FavoriteButton.swift */; };
		A2E0806C28F6FB6C0098593A /* HexagonParameters.swift in Sources */ = {isa = PBXBuildFile; fileRef = A2E0806B28F6FB6C0098593A /* HexagonParameters.swift */; };
		A2E0806E28F6FCBF0098593A /* BadgeBackground.swift in Sources */ = {isa = PBXBuildFile; fileRef = A2E0806D28F6FCBF0098593A /* BadgeBackground.swift */; };
		A2E0807028F6FFA00098593A /* BadgeSymbol.swift in Sources */ = {isa = PBXBuildFile; fileRef = A2E0806F28F6FFA00098593A /* BadgeSymbol.swift */; };
		A2E0807328F7009B0098593A /* RotatedBadgeSymbol.swift in Sources */ = {isa = PBXBuildFile; fileRef = A2E0807228F7009B0098593A /* RotatedBadgeSymbol.swift */; };
		A2E0807528F700DD0098593A /* Badge.swift in Sources */ = {isa = PBXBuildFile; fileRef = A2E0807428F700DD0098593A /* Badge.swift */; };
/* End PBXBuildFile section */

/* Begin PBXFileReference section */
		A20A230C28FEA7CB00A2AB47 /* CatagoryHome.swift */ = {isa = PBXFileReference; lastKnownFileType = sourcecode.swift; path = CatagoryHome.swift; sourceTree = "<group>"; };
		A20A230E28FEA9E600A2AB47 /* CategoryRow.swift */ = {isa = PBXFileReference; lastKnownFileType = sourcecode.swift; path = CategoryRow.swift; sourceTree = "<group>"; };
		A20A231028FEABA500A2AB47 /* CategoryItem.swift */ = {isa = PBXFileReference; lastKnownFileType = sourcecode.swift; path = CategoryItem.swift; sourceTree = "<group>"; };
		A20A231228FEB99C00A2AB47 /* Profile.swift */ = {isa = PBXFileReference; lastKnownFileType = sourcecode.swift; path = Profile.swift; sourceTree = "<group>"; };
		A20A231528FEBA1700A2AB47 /* ProfileHost.swift */ = {isa = PBXFileReference; lastKnownFileType = sourcecode.swift; path = ProfileHost.swift; sourceTree = "<group>"; };
		A20A231728FEBA6900A2AB47 /* ProfileSummary.swift */ = {isa = PBXFileReference; lastKnownFileType = sourcecode.swift; path = ProfileSummary.swift; sourceTree = "<group>"; };
		A20A231928FEBC0000A2AB47 /* HikeBadge.swift */ = {isa = PBXFileReference; lastKnownFileType = sourcecode.swift; path = HikeBadge.swift; sourceTree = "<group>"; };
		A20A231B28FEC22A00A2AB47 /* ProfileEditor.swift */ = {isa = PBXFileReference; lastKnownFileType = sourcecode.swift; path = ProfileEditor.swift; sourceTree = "<group>"; };
		A245D36128F9823E00797157 /* GraphCapsule.swift */ = {isa = PBXFileReference; fileEncoding = 4; lastKnownFileType = sourcecode.swift; path = GraphCapsule.swift; sourceTree = "<group>"; };
		A245D36228F9823E00797157 /* HikeGraph.swift */ = {isa = PBXFileReference; fileEncoding = 4; lastKnownFileType = sourcecode.swift; path = HikeGraph.swift; sourceTree = "<group>"; };
		A245D36328F9823E00797157 /* HikeDetail.swift */ = {isa = PBXFileReference; fileEncoding = 4; lastKnownFileType = sourcecode.swift; path = HikeDetail.swift; sourceTree = "<group>"; };
		A245D36428F9823E00797157 /* HikeView.swift */ = {isa = PBXFileReference; fileEncoding = 4; lastKnownFileType = sourcecode.swift; path = HikeView.swift; sourceTree = "<group>"; };
		A245D36928F982A900797157 /* Hike.swift */ = {isa = PBXFileReference; lastKnownFileType = sourcecode.swift; path = Hike.swift; sourceTree = "<group>"; };
		A255B93828F455CD00845FAD /* Landmarks.app */ = {isa = PBXFileReference; explicitFileType = wrapper.application; includeInIndex = 0; path = Landmarks.app; sourceTree = BUILT_PRODUCTS_DIR; };
		A255B93B28F455CD00845FAD /* LandmarksApp.swift */ = {isa = PBXFileReference; lastKnownFileType = sourcecode.swift; path = LandmarksApp.swift; sourceTree = "<group>"; };
		A255B94228F455CD00845FAD /* Preview Assets.xcassets */ = {isa = PBXFileReference; lastKnownFileType = folder.assetcatalog; path = "Preview Assets.xcassets"; sourceTree = "<group>"; };
		A255B94B28F456C800845FAD /* Assets.xcassets */ = {isa = PBXFileReference; lastKnownFileType = folder.assetcatalog; name = Assets.xcassets; path = ../../../../Downloads/WorkingWithUIControls/Complete/Landmarks/Assets.xcassets; sourceTree = "<group>"; };
		A255B94E28F456EC00845FAD /* hikeData.json */ = {isa = PBXFileReference; fileEncoding = 4; lastKnownFileType = text.json; path = hikeData.json; sourceTree = "<group>"; };
		A255B94F28F456EC00845FAD /* landmarkData.json */ = {isa = PBXFileReference; fileEncoding = 4; lastKnownFileType = text.json; path = landmarkData.json; sourceTree = "<group>"; };
		A255B95228F4573E00845FAD /* Landmark.swift */ = {isa = PBXFileReference; fileEncoding = 4; lastKnownFileType = sourcecode.swift; path = Landmark.swift; sourceTree = "<group>"; };
		A255B95428F4575600845FAD /* ContentView.swift */ = {isa = PBXFileReference; fileEncoding = 4; lastKnownFileType = sourcecode.swift; path = ContentView.swift; sourceTree = "<group>"; };
		A255B95528F4575600845FAD /* CircleImage.swift */ = {isa = PBXFileReference; fileEncoding = 4; lastKnownFileType = sourcecode.swift; path = CircleImage.swift; sourceTree = "<group>"; };
		A255B95628F4575600845FAD /* MapView.swift */ = {isa = PBXFileReference; fileEncoding = 4; lastKnownFileType = sourcecode.swift; path = MapView.swift; sourceTree = "<group>"; };
		A2B58E8C28F53A3D00ED7C09 /* ModelData.swift */ = {isa = PBXFileReference; lastKnownFileType = sourcecode.swift; path = ModelData.swift; sourceTree = "<group>"; };
		A2B58E8E28F53AAF00ED7C09 /* LandmarkRow.swift */ = {isa = PBXFileReference; lastKnownFileType = sourcecode.swift; path = LandmarkRow.swift; sourceTree = "<group>"; };
		A2B58E9028F53C6B00ED7C09 /* LandmarkList.swift */ = {isa = PBXFileReference; lastKnownFileType = sourcecode.swift; path = LandmarkList.swift; sourceTree = "<group>"; };
		A2B58E9228F53E6F00ED7C09 /* LandmarkDetail.swift */ = {isa = PBXFileReference; lastKnownFileType = sourcecode.swift; path = LandmarkDetail.swift; sourceTree = "<group>"; };
		A2D68C9C28F54C8B00E0E443 /* FavoriteButton.swift */ = {isa = PBXFileReference; lastKnownFileType = sourcecode.swift; path = FavoriteButton.swift; sourceTree = "<group>"; };
		A2E0806B28F6FB6C0098593A /* HexagonParameters.swift */ = {isa = PBXFileReference; lastKnownFileType = sourcecode.swift; path = HexagonParameters.swift; sourceTree = "<group>"; };
		A2E0806D28F6FCBF0098593A /* BadgeBackground.swift */ = {isa = PBXFileReference; lastKnownFileType = sourcecode.swift; path = BadgeBackground.swift; sourceTree = "<group>"; };
		A2E0806F28F6FFA00098593A /* BadgeSymbol.swift */ = {isa = PBXFileReference; lastKnownFileType = sourcecode.swift; path = BadgeSymbol.swift; sourceTree = "<group>"; };
		A2E0807228F7009B0098593A /* RotatedBadgeSymbol.swift */ = {isa = PBXFileReference; lastKnownFileType = sourcecode.swift; path = RotatedBadgeSymbol.swift; sourceTree = "<group>"; };
		A2E0807428F700DD0098593A /* Badge.swift */ = {isa = PBXFileReference; lastKnownFileType = sourcecode.swift; path = Badge.swift; sourceTree = "<group>"; };
/* End PBXFileReference section */

/* Begin PBXFrameworksBuildPhase section */
		A255B93528F455CD00845FAD /* Frameworks */ = {
			isa = PBXFrameworksBuildPhase;
			buildActionMask = 2147483647;
			files = (
			);
			runOnlyForDeploymentPostprocessing = 0;
		};
/* End PBXFrameworksBuildPhase section */

/* Begin PBXGroup section */
		A20A230B28FEA7B600A2AB47 /* Catagories */ = {
			isa = PBXGroup;
			children = (
				A20A230C28FEA7CB00A2AB47 /* CatagoryHome.swift */,
				A20A230E28FEA9E600A2AB47 /* CategoryRow.swift */,
				A20A231028FEABA500A2AB47 /* CategoryItem.swift */,
			);
			path = Catagories;
			sourceTree = "<group>";
		};
		A20A231428FEBA0400A2AB47 /* Profiles */ = {
			isa = PBXGroup;
			children = (
				A20A231528FEBA1700A2AB47 /* ProfileHost.swift */,
				A20A231728FEBA6900A2AB47 /* ProfileSummary.swift */,
				A20A231B28FEC22A00A2AB47 /* ProfileEditor.swift */,
			);
			path = Profiles;
			sourceTree = "<group>";
		};
		A245D36028F9823E00797157 /* Hikes */ = {
			isa = PBXGroup;
			children = (
				A245D36128F9823E00797157 /* GraphCapsule.swift */,
				A245D36228F9823E00797157 /* HikeGraph.swift */,
				A245D36328F9823E00797157 /* HikeDetail.swift */,
				A245D36428F9823E00797157 /* HikeView.swift */,
				A20A231928FEBC0000A2AB47 /* HikeBadge.swift */,
			);
			path = Hikes;
			sourceTree = "<group>";
		};
		A255B92F28F455CD00845FAD = {
			isa = PBXGroup;
			children = (
				A255B93A28F455CD00845FAD /* Landmarks */,
				A255B93928F455CD00845FAD /* Products */,
			);
			sourceTree = "<group>";
		};
		A255B93928F455CD00845FAD /* Products */ = {
			isa = PBXGroup;
			children = (
				A255B93828F455CD00845FAD /* Landmarks.app */,
			);
			name = Products;
			sourceTree = "<group>";
		};
		A255B93A28F455CD00845FAD /* Landmarks */ = {
			isa = PBXGroup;
			children = (
				A2E0807128F7000B0098593A /* Badges */,
				A2D68C9E28F54D3300E0E443 /* Helpers */,
				A255B94D28F456DE00845FAD /* Resources */,
				A255B94A28F455F300845FAD /* Views */,
				A255B94928F455EC00845FAD /* Models */,
				A255B93B28F455CD00845FAD /* LandmarksApp.swift */,
				A255B94B28F456C800845FAD /* Assets.xcassets */,
				A255B94128F455CD00845FAD /* Preview Content */,
			);
			path = Landmarks;
			sourceTree = "<group>";
		};
		A255B94128F455CD00845FAD /* Preview Content */ = {
			isa = PBXGroup;
			children = (
				A255B94228F455CD00845FAD /* Preview Assets.xcassets */,
			);
			path = "Preview Content";
			sourceTree = "<group>";
		};
		A255B94928F455EC00845FAD /* Models */ = {
			isa = PBXGroup;
			children = (
				A255B95228F4573E00845FAD /* Landmark.swift */,
				A2B58E8C28F53A3D00ED7C09 /* ModelData.swift */,
				A245D36928F982A900797157 /* Hike.swift */,
				A20A231228FEB99C00A2AB47 /* Profile.swift */,
			);
			path = Models;
			sourceTree = "<group>";
		};
		A255B94A28F455F300845FAD /* Views */ = {
			isa = PBXGroup;
			children = (
				A20A231428FEBA0400A2AB47 /* Profiles */,
				A20A230B28FEA7B600A2AB47 /* Catagories */,
				A245D36028F9823E00797157 /* Hikes */,
				A255B95428F4575600845FAD /* ContentView.swift */,
				A2B58E8E28F53AAF00ED7C09 /* LandmarkRow.swift */,
				A2B58E9028F53C6B00ED7C09 /* LandmarkList.swift */,
				A2B58E9228F53E6F00ED7C09 /* LandmarkDetail.swift */,
			);
			path = Views;
			sourceTree = "<group>";
		};
		A255B94D28F456DE00845FAD /* Resources */ = {
			isa = PBXGroup;
			children = (
				A255B94E28F456EC00845FAD /* hikeData.json */,
				A255B94F28F456EC00845FAD /* landmarkData.json */,
			);
			path = Resources;
			sourceTree = "<group>";
		};
		A2D68C9E28F54D3300E0E443 /* Helpers */ = {
			isa = PBXGroup;
			children = (
				A255B95528F4575600845FAD /* CircleImage.swift */,
				A2D68C9C28F54C8B00E0E443 /* FavoriteButton.swift */,
				A255B95628F4575600845FAD /* MapView.swift */,
			);
			path = Helpers;
			sourceTree = "<group>";
		};
		A2E0807128F7000B0098593A /* Badges */ = {
			isa = PBXGroup;
			children = (
				A2E0806B28F6FB6C0098593A /* HexagonParameters.swift */,
				A2E0806D28F6FCBF0098593A /* BadgeBackground.swift */,
				A2E0806F28F6FFA00098593A /* BadgeSymbol.swift */,
				A2E0807228F7009B0098593A /* RotatedBadgeSymbol.swift */,
				A2E0807428F700DD0098593A /* Badge.swift */,
			);
			path = Badges;
			sourceTree = "<group>";
		};
/* End PBXGroup section */

/* Begin PBXNativeTarget section */
		A255B93728F455CD00845FAD /* Landmarks */ = {
			isa = PBXNativeTarget;
			buildConfigurationList = A255B94628F455CD00845FAD /* Build configuration list for PBXNativeTarget "Landmarks" */;
			buildPhases = (
				A255B93428F455CD00845FAD /* Sources */,
				A255B93528F455CD00845FAD /* Frameworks */,
				A255B93628F455CD00845FAD /* Resources */,
			);
			buildRules = (
			);
			dependencies = (
			);
			name = Landmarks;
			productName = Landmarks;
			productReference = A255B93828F455CD00845FAD /* Landmarks.app */;
			productType = "com.apple.product-type.application";
		};
/* End PBXNativeTarget section */

/* Begin PBXProject section */
		A255B93028F455CD00845FAD /* Project object */ = {
			isa = PBXProject;
			attributes = {
				BuildIndependentTargetsInParallel = 1;
				LastSwiftUpdateCheck = 1400;
				LastUpgradeCheck = 1400;
				TargetAttributes = {
					A255B93728F455CD00845FAD = {
						CreatedOnToolsVersion = 14.0.1;
					};
				};
			};
			buildConfigurationList = A255B93328F455CD00845FAD /* Build configuration list for PBXProject "Landmarks" */;
			compatibilityVersion = "Xcode 14.0";
			developmentRegion = en;
			hasScannedForEncodings = 0;
			knownRegions = (
				en,
				Base,
			);
			mainGroup = A255B92F28F455CD00845FAD;
			productRefGroup = A255B93928F455CD00845FAD /* Products */;
			projectDirPath = "";
			projectRoot = "";
			targets = (
				A255B93728F455CD00845FAD /* Landmarks */,
			);
		};
/* End PBXProject section */

/* Begin PBXResourcesBuildPhase section */
		A255B93628F455CD00845FAD /* Resources */ = {
			isa = PBXResourcesBuildPhase;
			buildActionMask = 2147483647;
			files = (
				A255B94328F455CD00845FAD /* Preview Assets.xcassets in Resources */,
				A255B95128F456EC00845FAD /* landmarkData.json in Resources */,
				A255B95028F456EC00845FAD /* hikeData.json in Resources */,
				A255B94C28F456C800845FAD /* Assets.xcassets in Resources */,
			);
			runOnlyForDeploymentPostprocessing = 0;
		};
/* End PBXResourcesBuildPhase section */

/* Begin PBXSourcesBuildPhase section */
		A255B93428F455CD00845FAD /* Sources */ = {
			isa = PBXSourcesBuildPhase;
			buildActionMask = 2147483647;
			files = (
				A20A230F28FEA9E600A2AB47 /* CategoryRow.swift in Sources */,
				A20A231328FEB99C00A2AB47 /* Profile.swift in Sources */,
				A255B95928F4575600845FAD /* MapView.swift in Sources */,
				A2E0807528F700DD0098593A /* Badge.swift in Sources */,
				A255B93C28F455CD00845FAD /* LandmarksApp.swift in Sources */,
				A255B95728F4575600845FAD /* ContentView.swift in Sources */,
				A245D36828F9823E00797157 /* HikeView.swift in Sources */,
				A2D68C9D28F54C8B00E0E443 /* FavoriteButton.swift in Sources */,
				A2E0806C28F6FB6C0098593A /* HexagonParameters.swift in Sources */,
				A2E0807328F7009B0098593A /* RotatedBadgeSymbol.swift in Sources */,
				A20A231128FEABA500A2AB47 /* CategoryItem.swift in Sources */,
				A2E0807028F6FFA00098593A /* BadgeSymbol.swift in Sources */,
				A20A231828FEBA6900A2AB47 /* ProfileSummary.swift in Sources */,
				A2B58E9128F53C6B00ED7C09 /* LandmarkList.swift in Sources */,
				A20A231628FEBA1700A2AB47 /* ProfileHost.swift in Sources */,
				A245D36A28F982A900797157 /* Hike.swift in Sources */,
				A2B58E9328F53E6F00ED7C09 /* LandmarkDetail.swift in Sources */,
				A2E0806E28F6FCBF0098593A /* BadgeBackground.swift in Sources */,
				A20A231C28FEC22A00A2AB47 /* ProfileEditor.swift in Sources */,
				A20A230D28FEA7CB00A2AB47 /* CatagoryHome.swift in Sources */,
				A245D36728F9823E00797157 /* HikeDetail.swift in Sources */,
				A255B95328F4573E00845FAD /* Landmark.swift in Sources */,
				A245D36528F9823E00797157 /* GraphCapsule.swift in Sources */,
				A20A231A28FEBC0000A2AB47 /* HikeBadge.swift in Sources */,
				A255B95828F4575600845FAD /* CircleImage.swift in Sources */,
				A2B58E8F28F53AAF00ED7C09 /* LandmarkRow.swift in Sources */,
				A2B58E8D28F53A3D00ED7C09 /* ModelData.swift in Sources */,
				A245D36628F9823E00797157 /* HikeGraph.swift in Sources */,
			);
			runOnlyForDeploymentPostprocessing = 0;
		};
/* End PBXSourcesBuildPhase section */

/* Begin XCBuildConfiguration section */
		A255B94428F455CD00845FAD /* Debug */ = {
			isa = XCBuildConfiguration;
			buildSettings = {
				ALWAYS_SEARCH_USER_PATHS = NO;
				CLANG_ANALYZER_NONNULL = YES;
				CLANG_ANALYZER_NUMBER_OBJECT_CONVERSION = YES_AGGRESSIVE;
				CLANG_CXX_LANGUAGE_STANDARD = "gnu++20";
				CLANG_ENABLE_MODULES = YES;
				CLANG_ENABLE_OBJC_ARC = YES;
				CLANG_ENABLE_OBJC_WEAK = YES;
				CLANG_WARN_BLOCK_CAPTURE_AUTORELEASING = YES;
				CLANG_WARN_BOOL_CONVERSION = YES;
				CLANG_WARN_COMMA = YES;
				CLANG_WARN_CONSTANT_CONVERSION = YES;
				CLANG_WARN_DEPRECATED_OBJC_IMPLEMENTATIONS = YES;
				CLANG_WARN_DIRECT_OBJC_ISA_USAGE = YES_ERROR;
				CLANG_WARN_DOCUMENTATION_COMMENTS = YES;
				CLANG_WARN_EMPTY_BODY = YES;
				CLANG_WARN_ENUM_CONVERSION = YES;
				CLANG_WARN_INFINITE_RECURSION = YES;
				CLANG_WARN_INT_CONVERSION = YES;
				CLANG_WARN_NON_LITERAL_NULL_CONVERSION = YES;
				CLANG_WARN_OBJC_IMPLICIT_RETAIN_SELF = YES;
				CLANG_WARN_OBJC_LITERAL_CONVERSION = YES;
				CLANG_WARN_OBJC_ROOT_CLASS = YES_ERROR;
				CLANG_WARN_QUOTED_INCLUDE_IN_FRAMEWORK_HEADER = YES;
				CLANG_WARN_RANGE_LOOP_ANALYSIS = YES;
				CLANG_WARN_STRICT_PROTOTYPES = YES;
				CLANG_WARN_SUSPICIOUS_MOVE = YES;
				CLANG_WARN_UNGUARDED_AVAILABILITY = YES_AGGRESSIVE;
				CLANG_WARN_UNREACHABLE_CODE = YES;
				CLANG_WARN__DUPLICATE_METHOD_MATCH = YES;
				COPY_PHASE_STRIP = NO;
				DEBUG_INFORMATION_FORMAT = dwarf;
				ENABLE_STRICT_OBJC_MSGSEND = YES;
				ENABLE_TESTABILITY = YES;
				GCC_C_LANGUAGE_STANDARD = gnu11;
				GCC_DYNAMIC_NO_PIC = NO;
				GCC_NO_COMMON_BLOCKS = YES;
				GCC_OPTIMIZATION_LEVEL = 0;
				GCC_PREPROCESSOR_DEFINITIONS = (
					"DEBUG=1",
					"$(inherited)",
				);
				GCC_WARN_64_TO_32_BIT_CONVERSION = YES;
				GCC_WARN_ABOUT_RETURN_TYPE = YES_ERROR;
				GCC_WARN_UNDECLARED_SELECTOR = YES;
				GCC_WARN_UNINITIALIZED_AUTOS = YES_AGGRESSIVE;
				GCC_WARN_UNUSED_FUNCTION = YES;
				GCC_WARN_UNUSED_VARIABLE = YES;
				IPHONEOS_DEPLOYMENT_TARGET = 16.0;
				MTL_ENABLE_DEBUG_INFO = INCLUDE_SOURCE;
				MTL_FAST_MATH = YES;
				ONLY_ACTIVE_ARCH = YES;
				SDKROOT = iphoneos;
				SWIFT_ACTIVE_COMPILATION_CONDITIONS = DEBUG;
				SWIFT_OPTIMIZATION_LEVEL = "-Onone";
			};
			name = Debug;
		};
		A255B94528F455CD00845FAD /* Release */ = {
			isa = XCBuildConfiguration;
			buildSettings = {
				ALWAYS_SEARCH_USER_PATHS = NO;
				CLANG_ANALYZER_NONNULL = YES;
				CLANG_ANALYZER_NUMBER_OBJECT_CONVERSION = YES_AGGRESSIVE;
				CLANG_CXX_LANGUAGE_STANDARD = "gnu++20";
				CLANG_ENABLE_MODULES = YES;
				CLANG_ENABLE_OBJC_ARC = YES;
				CLANG_ENABLE_OBJC_WEAK = YES;
				CLANG_WARN_BLOCK_CAPTURE_AUTORELEASING = YES;
				CLANG_WARN_BOOL_CONVERSION = YES;
				CLANG_WARN_COMMA = YES;
				CLANG_WARN_CONSTANT_CONVERSION = YES;
				CLANG_WARN_DEPRECATED_OBJC_IMPLEMENTATIONS = YES;
				CLANG_WARN_DIRECT_OBJC_ISA_USAGE = YES_ERROR;
				CLANG_WARN_DOCUMENTATION_COMMENTS = YES;
				CLANG_WARN_EMPTY_BODY = YES;
				CLANG_WARN_ENUM_CONVERSION = YES;
				CLANG_WARN_INFINITE_RECURSION = YES;
				CLANG_WARN_INT_CONVERSION = YES;
				CLANG_WARN_NON_LITERAL_NULL_CONVERSION = YES;
				CLANG_WARN_OBJC_IMPLICIT_RETAIN_SELF = YES;
				CLANG_WARN_OBJC_LITERAL_CONVERSION = YES;
				CLANG_WARN_OBJC_ROOT_CLASS = YES_ERROR;
				CLANG_WARN_QUOTED_INCLUDE_IN_FRAMEWORK_HEADER = YES;
				CLANG_WARN_RANGE_LOOP_ANALYSIS = YES;
				CLANG_WARN_STRICT_PROTOTYPES = YES;
				CLANG_WARN_SUSPICIOUS_MOVE = YES;
				CLANG_WARN_UNGUARDED_AVAILABILITY = YES_AGGRESSIVE;
				CLANG_WARN_UNREACHABLE_CODE = YES;
				CLANG_WARN__DUPLICATE_METHOD_MATCH = YES;
				COPY_PHASE_STRIP = NO;
				DEBUG_INFORMATION_FORMAT = "dwarf-with-dsym";
				ENABLE_NS_ASSERTIONS = NO;
				ENABLE_STRICT_OBJC_MSGSEND = YES;
				GCC_C_LANGUAGE_STANDARD = gnu11;
				GCC_NO_COMMON_BLOCKS = YES;
				GCC_WARN_64_TO_32_BIT_CONVERSION = YES;
				GCC_WARN_ABOUT_RETURN_TYPE = YES_ERROR;
				GCC_WARN_UNDECLARED_SELECTOR = YES;
				GCC_WARN_UNINITIALIZED_AUTOS = YES_AGGRESSIVE;
				GCC_WARN_UNUSED_FUNCTION = YES;
				GCC_WARN_UNUSED_VARIABLE = YES;
				IPHONEOS_DEPLOYMENT_TARGET = 16.0;
				MTL_ENABLE_DEBUG_INFO = NO;
				MTL_FAST_MATH = YES;
				SDKROOT = iphoneos;
				SWIFT_COMPILATION_MODE = wholemodule;
				SWIFT_OPTIMIZATION_LEVEL = "-O";
				VALIDATE_PRODUCT = YES;
			};
			name = Release;
		};
		A255B94728F455CD00845FAD /* Debug */ = {
			isa = XCBuildConfiguration;
			buildSettings = {
				ASSETCATALOG_COMPILER_APPICON_NAME = AppIcon;
				ASSETCATALOG_COMPILER_GLOBAL_ACCENT_COLOR_NAME = AccentColor;
				CODE_SIGN_STYLE = Automatic;
				CURRENT_PROJECT_VERSION = 1;
				DEVELOPMENT_ASSET_PATHS = "\"Landmarks/Preview Content\"";
				DEVELOPMENT_TEAM = 79CS75S5DL;
				ENABLE_PREVIEWS = YES;
				GENERATE_INFOPLIST_FILE = YES;
				INFOPLIST_KEY_UIApplicationSceneManifest_Generation = YES;
				INFOPLIST_KEY_UIApplicationSupportsIndirectInputEvents = YES;
				INFOPLIST_KEY_UILaunchScreen_Generation = YES;
				INFOPLIST_KEY_UISupportedInterfaceOrientations_iPad = "UIInterfaceOrientationPortrait UIInterfaceOrientationPortraitUpsideDown UIInterfaceOrientationLandscapeLeft UIInterfaceOrientationLandscapeRight";
				INFOPLIST_KEY_UISupportedInterfaceOrientations_iPhone = "UIInterfaceOrientationPortrait UIInterfaceOrientationLandscapeLeft UIInterfaceOrientationLandscapeRight";
				LD_RUNPATH_SEARCH_PATHS = (
					"$(inherited)",
					"@executable_path/Frameworks",
				);
				MARKETING_VERSION = 1.0;
				PRODUCT_BUNDLE_IDENTIFIER = com.celilcagataygedik.Landmarks;
				PRODUCT_NAME = "$(TARGET_NAME)";
				SWIFT_EMIT_LOC_STRINGS = YES;
				SWIFT_VERSION = 5.0;
				TARGETED_DEVICE_FAMILY = "1,2";
			};
			name = Debug;
		};
		A255B94828F455CD00845FAD /* Release */ = {
			isa = XCBuildConfiguration;
			buildSettings = {
				ASSETCATALOG_COMPILER_APPICON_NAME = AppIcon;
				ASSETCATALOG_COMPILER_GLOBAL_ACCENT_COLOR_NAME = AccentColor;
				CODE_SIGN_STYLE = Automatic;
				CURRENT_PROJECT_VERSION = 1;
				DEVELOPMENT_ASSET_PATHS = "\"Landmarks/Preview Content\"";
				DEVELOPMENT_TEAM = 79CS75S5DL;
				ENABLE_PREVIEWS = YES;
				GENERATE_INFOPLIST_FILE = YES;
				INFOPLIST_KEY_UIApplicationSceneManifest_Generation = YES;
				INFOPLIST_KEY_UIApplicationSupportsIndirectInputEvents = YES;
				INFOPLIST_KEY_UILaunchScreen_Generation = YES;
				INFOPLIST_KEY_UISupportedInterfaceOrientations_iPad = "UIInterfaceOrientationPortrait UIInterfaceOrientationPortraitUpsideDown UIInterfaceOrientationLandscapeLeft UIInterfaceOrientationLandscapeRight";
				INFOPLIST_KEY_UISupportedInterfaceOrientations_iPhone = "UIInterfaceOrientationPortrait UIInterfaceOrientationLandscapeLeft UIInterfaceOrientationLandscapeRight";
				LD_RUNPATH_SEARCH_PATHS = (
					"$(inherited)",
					"@executable_path/Frameworks",
				);
				MARKETING_VERSION = 1.0;
				PRODUCT_BUNDLE_IDENTIFIER = com.celilcagataygedik.Landmarks;
				PRODUCT_NAME = "$(TARGET_NAME)";
				SWIFT_EMIT_LOC_STRINGS = YES;
				SWIFT_VERSION = 5.0;
				TARGETED_DEVICE_FAMILY = "1,2";
			};
			name = Release;
		};
/* End XCBuildConfiguration section */

/* Begin XCConfigurationList section */
		A255B93328F455CD00845FAD /* Build configuration list for PBXProject "Landmarks" */ = {
			isa = XCConfigurationList;
			buildConfigurations = (
				A255B94428F455CD00845FAD /* Debug */,
				A255B94528F455CD00845FAD /* Release */,
			);
			defaultConfigurationIsVisible = 0;
			defaultConfigurationName = Release;
		};
		A255B94628F455CD00845FAD /* Build configuration list for PBXNativeTarget "Landmarks" */ = {
			isa = XCConfigurationList;
			buildConfigurations = (
				A255B94728F455CD00845FAD /* Debug */,
				A255B94828F455CD00845FAD /* Release */,
			);
			defaultConfigurationIsVisible = 0;
			defaultConfigurationName = Release;
		};
/* End XCConfigurationList section */
	};
	rootObject = A255B93028F455CD00845FAD /* Project object */;
}
